
Microsoft Visual Studio Solution File, Format Version 12.00
Project("{FAE04EC0-301F-11D3-BF4B-00C04F79EFBC}") = "ProfileTask", "ProfileTask\ProfileTask.csproj", "{56E9A0D9-15C1-4150-A247-C948F725589B}"
EndProject
Global
	GlobalSection(SolutionConfigurationPlatforms) = preSolution
		Debug|Any CPU = Debug|Any CPU
		Release|Any CPU = Release|Any CPU
	EndGlobalSection
	GlobalSection(ProjectConfigurationPlatforms) = postSolution
		{56E9A0D9-15C1-4150-A247-C948F725589B}.Debug|Any CPU.ActiveCfg = Debug|Any CPU
		{56E9A0D9-15C1-4150-A247-C948F725589B}.Debug|Any CPU.Build.0 = Debug|Any CPU
		{56E9A0D9-15C1-4150-A247-C948F725589B}.Release|Any CPU.ActiveCfg = Release|Any CPU
		{56E9A0D9-15C1-4150-A247-C948F725589B}.Release|Any CPU.Build.0 = Release|Any CPU
	EndGlobalSection
EndGlobal
